
Microsoft Visual Studio Solution File, Format Version 12.00
# Visual Studio 15
Project("{FAE04EC0-301F-11D3-BF4B-00C04F79EFBC}") = "Try Protein 5.4", "Try Protein 5.4.csproj", "{506498D6-7559-8078-122F-BE45E7DEB175}"
EndProject
Project("{FAE04EC0-301F-11D3-BF4B-00C04F79EFBC}") = "Try Protein 5.4.Editor", "Try Protein 5.4.Editor.csproj", "{8F8BF6E5-E566-8903-EC4B-9DE1518B7DC4}"
EndProject
Global
	GlobalSection(SolutionConfigurationPlatforms) = preSolution
		Debug|Any CPU = Debug|Any CPU
		Release|Any CPU = Release|Any CPU
	EndGlobalSection
	GlobalSection(ProjectConfigurationPlatforms) = postSolution
		{506498D6-7559-8078-122F-BE45E7DEB175}.Debug|Any CPU.ActiveCfg = Debug|Any CPU
		{506498D6-7559-8078-122F-BE45E7DEB175}.Debug|Any CPU.Build.0 = Debug|Any CPU
		{506498D6-7559-8078-122F-BE45E7DEB175}.Release|Any CPU.ActiveCfg = Release|Any CPU
		{506498D6-7559-8078-122F-BE45E7DEB175}.Release|Any CPU.Build.0 = Release|Any CPU
		{8F8BF6E5-E566-8903-EC4B-9DE1518B7DC4}.Debug|Any CPU.ActiveCfg = Debug|Any CPU
		{8F8BF6E5-E566-8903-EC4B-9DE1518B7DC4}.Debug|Any CPU.Build.0 = Debug|Any CPU
		{8F8BF6E5-E566-8903-EC4B-9DE1518B7DC4}.Release|Any CPU.ActiveCfg = Release|Any CPU
		{8F8BF6E5-E566-8903-EC4B-9DE1518B7DC4}.Release|Any CPU.Build.0 = Release|Any CPU
	EndGlobalSection
	GlobalSection(SolutionProperties) = preSolution
		HideSolutionNode = FALSE
	EndGlobalSection
EndGlobal
